
Microsoft Visual Studio Solution File, Format Version 12.00
# Visual Studio Version 16
VisualStudioVersion = 25.0.1705.6
MinimumVisualStudioVersion = 10.0.40219.1
Project("{FAE04EC0-301F-11D3-BF4B-00C04F79EFBC}") = "ClothBazar.Web", "ClothBazar.Web\ClothBazar.Web.csproj", "{A94A8CBE-7D92-4ABC-88B2-6F174217E0BE}"
EndProject
Global
	GlobalSection(SolutionConfigurationPlatforms) = preSolution
		Debug|Any CPU = Debug|Any CPU
		Release|Any CPU = Release|Any CPU
	EndGlobalSection
	GlobalSection(ProjectConfigurationPlatforms) = postSolution
		{A94A8CBE-7D92-4ABC-88B2-6F174217E0BE}.Debug|Any CPU.ActiveCfg = Debug|Any CPU
		{A94A8CBE-7D92-4ABC-88B2-6F174217E0BE}.Debug|Any CPU.Build.0 = Debug|Any CPU
		{A94A8CBE-7D92-4ABC-88B2-6F174217E0BE}.Release|Any CPU.ActiveCfg = Release|Any CPU
		{A94A8CBE-7D92-4ABC-88B2-6F174217E0BE}.Release|Any CPU.Build.0 = Release|Any CPU
	EndGlobalSection
	GlobalSection(SolutionProperties) = preSolution
		HideSolutionNode = FALSE
	EndGlobalSection
	GlobalSection(ExtensibilityGlobals) = postSolution
		SolutionGuid = {55D15072-7820-47D8-987D-B27463E1DEDB}
	EndGlobalSection
EndGlobal
